// !$*UTF8*$!
{
	archiveVersion = 1;
	classes = {
	};
	objectVersion = 46;
	objects = {

/* Begin PBXBuildFile section */
		6E4ED7CB1E2F6E6A00B03010 /* GrandCentralDispatchBlackBox.swift in Sources */ = {isa = PBXBuildFile; fileRef = 6E4ED7CA1E2F6E6A00B03010 /* GrandCentralDispatchBlackBox.swift */; };
		6E6318721E2F5CEA0032B125 /* AppDelegate.swift in Sources */ = {isa = PBXBuildFile; fileRef = 6E6318711E2F5CEA0032B125 /* AppDelegate.swift */; };
		6E6318741E2F5CEA0032B125 /* SignInViewController.swift in Sources */ = {isa = PBXBuildFile; fileRef = 6E6318731E2F5CEA0032B125 /* SignInViewController.swift */; };
		6E6318771E2F5CEA0032B125 /* Main.storyboard in Resources */ = {isa = PBXBuildFile; fileRef = 6E6318751E2F5CEA0032B125 /* Main.storyboard */; };
		6E6318791E2F5CEA0032B125 /* Assets.xcassets in Resources */ = {isa = PBXBuildFile; fileRef = 6E6318781E2F5CEA0032B125 /* Assets.xcassets */; };
		6E63187C1E2F5CEA0032B125 /* LaunchScreen.storyboard in Resources */ = {isa = PBXBuildFile; fileRef = 6E63187A1E2F5CEA0032B125 /* LaunchScreen.storyboard */; };
		6EE2F5CF1E30FB8400476475 /* GoogleService-Info.plist in Resources */ = {isa = PBXBuildFile; fileRef = 6EE2F5CE1E30FB8400476475 /* GoogleService-Info.plist */; };
		6EE2F5D41E31F32200476475 /* SignUpView.storyboard in Resources */ = {isa = PBXBuildFile; fileRef = 6EE2F5D21E31F32200476475 /* SignUpView.storyboard */; };
		6EE2F5D61E31F35A00476475 /* SignUpViewController.swift in Sources */ = {isa = PBXBuildFile; fileRef = 6EE2F5D51E31F35A00476475 /* SignUpViewController.swift */; };
		6EE2F5D81E31F84500476475 /* ProfileViewController.swift in Sources */ = {isa = PBXBuildFile; fileRef = 6EE2F5D71E31F84500476475 /* ProfileViewController.swift */; };
		6EF6B6D61E2FA6160007733F /* User.swift in Sources */ = {isa = PBXBuildFile; fileRef = 6EF6B6D51E2FA6160007733F /* User.swift */; };
		6EF6B6DE1E2FD1350007733F /* ApplicationView.storyboard in Resources */ = {isa = PBXBuildFile; fileRef = 6EF6B6DC1E2FD1350007733F /* ApplicationView.storyboard */; };
		6EF6B6E01E2FD1F40007733F /* TabBarController.swift in Sources */ = {isa = PBXBuildFile; fileRef = 6EF6B6DF1E2FD1F40007733F /* TabBarController.swift */; };
		B27DF82DA5E55A501A6E4A04 /* Pods_devnet.framework in Frameworks */ = {isa = PBXBuildFile; fileRef = 46969493C4ECBB079B75EEA4 /* Pods_devnet.framework */; };
/* End PBXBuildFile section */

/* Begin PBXFileReference section */
		46969493C4ECBB079B75EEA4 /* Pods_devnet.framework */ = {isa = PBXFileReference; explicitFileType = wrapper.framework; includeInIndex = 0; path = Pods_devnet.framework; sourceTree = BUILT_PRODUCTS_DIR; };
		6E4ED7CA1E2F6E6A00B03010 /* GrandCentralDispatchBlackBox.swift */ = {isa = PBXFileReference; fileEncoding = 4; lastKnownFileType = sourcecode.swift; path = GrandCentralDispatchBlackBox.swift; sourceTree = "<group>"; };
		6E63186E1E2F5CEA0032B125 /* devnet.app */ = {isa = PBXFileReference; explicitFileType = wrapper.application; includeInIndex = 0; path = devnet.app; sourceTree = BUILT_PRODUCTS_DIR; };
		6E6318711E2F5CEA0032B125 /* AppDelegate.swift */ = {isa = PBXFileReference; lastKnownFileType = sourcecode.swift; path = AppDelegate.swift; sourceTree = "<group>"; };
		6E6318731E2F5CEA0032B125 /* SignInViewController.swift */ = {isa = PBXFileReference; lastKnownFileType = sourcecode.swift; path = SignInViewController.swift; sourceTree = "<group>"; };
		6E6318761E2F5CEA0032B125 /* Base */ = {isa = PBXFileReference; lastKnownFileType = file.storyboard; name = Base; path = Base.lproj/Main.storyboard; sourceTree = "<group>"; };
		6E6318781E2F5CEA0032B125 /* Assets.xcassets */ = {isa = PBXFileReference; lastKnownFileType = folder.assetcatalog; path = Assets.xcassets; sourceTree = "<group>"; };
		6E63187B1E2F5CEA0032B125 /* Base */ = {isa = PBXFileReference; lastKnownFileType = file.storyboard; name = Base; path = Base.lproj/LaunchScreen.storyboard; sourceTree = "<group>"; };
		6E63187D1E2F5CEA0032B125 /* Info.plist */ = {isa = PBXFileReference; lastKnownFileType = text.plist.xml; path = Info.plist; sourceTree = "<group>"; };
		6EE2F5CE1E30FB8400476475 /* GoogleService-Info.plist */ = {isa = PBXFileReference; fileEncoding = 4; lastKnownFileType = text.plist.xml; path = "GoogleService-Info.plist"; sourceTree = "<group>"; };
		6EE2F5D31E31F32200476475 /* Base */ = {isa = PBXFileReference; lastKnownFileType = file.storyboard; name = Base; path = Base.lproj/SignUpView.storyboard; sourceTree = "<group>"; };
		6EE2F5D51E31F35A00476475 /* SignUpViewController.swift */ = {isa = PBXFileReference; fileEncoding = 4; lastKnownFileType = sourcecode.swift; path = SignUpViewController.swift; sourceTree = "<group>"; };
		6EE2F5D71E31F84500476475 /* ProfileViewController.swift */ = {isa = PBXFileReference; fileEncoding = 4; lastKnownFileType = sourcecode.swift; path = ProfileViewController.swift; sourceTree = "<group>"; };
		6EF6B6D51E2FA6160007733F /* User.swift */ = {isa = PBXFileReference; fileEncoding = 4; lastKnownFileType = sourcecode.swift; path = User.swift; sourceTree = "<group>"; };
		6EF6B6DD1E2FD1350007733F /* Base */ = {isa = PBXFileReference; lastKnownFileType = file.storyboard; name = Base; path = Base.lproj/ApplicationView.storyboard; sourceTree = "<group>"; };
		6EF6B6DF1E2FD1F40007733F /* TabBarController.swift */ = {isa = PBXFileReference; fileEncoding = 4; lastKnownFileType = sourcecode.swift; path = TabBarController.swift; sourceTree = "<group>"; };
		96E66ECA77DCA89BF299175F /* Pods-devnet.release.xcconfig */ = {isa = PBXFileReference; includeInIndex = 1; lastKnownFileType = text.xcconfig; name = "Pods-devnet.release.xcconfig"; path = "Pods/Target Support Files/Pods-devnet/Pods-devnet.release.xcconfig"; sourceTree = "<group>"; };
		E3675B46C905EE8F87439253 /* Pods-devnet.debug.xcconfig */ = {isa = PBXFileReference; includeInIndex = 1; lastKnownFileType = text.xcconfig; name = "Pods-devnet.debug.xcconfig"; path = "Pods/Target Support Files/Pods-devnet/Pods-devnet.debug.xcconfig"; sourceTree = "<group>"; };
/* End PBXFileReference section */

/* Begin PBXFrameworksBuildPhase section */
		6E63186B1E2F5CEA0032B125 /* Frameworks */ = {
			isa = PBXFrameworksBuildPhase;
			buildActionMask = 2147483647;
			files = (
				B27DF82DA5E55A501A6E4A04 /* Pods_devnet.framework in Frameworks */,
			);
			runOnlyForDeploymentPostprocessing = 0;
		};
/* End PBXFrameworksBuildPhase section */

/* Begin PBXGroup section */
		51BFAF3B360219A7B508BB14 /* Frameworks */ = {
			isa = PBXGroup;
			children = (
				46969493C4ECBB079B75EEA4 /* Pods_devnet.framework */,
			);
			name = Frameworks;
			sourceTree = "<group>";
		};
		6E6318651E2F5CEA0032B125 = {
			isa = PBXGroup;
			children = (
				6E6318701E2F5CEA0032B125 /* devnet */,
				6E63186F1E2F5CEA0032B125 /* Products */,
				F66095BD7114A19911965943 /* Pods */,
				51BFAF3B360219A7B508BB14 /* Frameworks */,
			);
			sourceTree = "<group>";
		};
		6E63186F1E2F5CEA0032B125 /* Products */ = {
			isa = PBXGroup;
			children = (
				6E63186E1E2F5CEA0032B125 /* devnet.app */,
			);
			name = Products;
			sourceTree = "<group>";
		};
		6E6318701E2F5CEA0032B125 /* devnet */ = {
			isa = PBXGroup;
			children = (
				6EF6B6D71E2FBE630007733F /* Model */,
				6EF6B6DA1E2FBE800007733F /* View */,
				6EF6B6D91E2FBE760007733F /* Controller */,
				6EF6B6D81E2FBE6A0007733F /* Helper */,
				6EF6B6DB1E2FBEA30007733F /* Assets */,
			);
			path = devnet;
			sourceTree = "<group>";
		};
		6EF6B6D71E2FBE630007733F /* Model */ = {
			isa = PBXGroup;
			children = (
				6EF6B6D51E2FA6160007733F /* User.swift */,
			);
			name = Model;
			sourceTree = "<group>";
		};
		6EF6B6D81E2FBE6A0007733F /* Helper */ = {
			isa = PBXGroup;
			children = (
				6E4ED7CA1E2F6E6A00B03010 /* GrandCentralDispatchBlackBox.swift */,
			);
			name = Helper;
			sourceTree = "<group>";
		};
		6EF6B6D91E2FBE760007733F /* Controller */ = {
			isa = PBXGroup;
			children = (
				6E6318731E2F5CEA0032B125 /* SignInViewController.swift */,
				6EE2F5D71E31F84500476475 /* ProfileViewController.swift */,
				6EE2F5D51E31F35A00476475 /* SignUpViewController.swift */,
				6EF6B6DF1E2FD1F40007733F /* TabBarController.swift */,
			);
			name = Controller;
			sourceTree = "<group>";
		};
		6EF6B6DA1E2FBE800007733F /* View */ = {
			isa = PBXGroup;
			children = (
				6E63187A1E2F5CEA0032B125 /* LaunchScreen.storyboard */,
				6E6318751E2F5CEA0032B125 /* Main.storyboard */,
				6EF6B6DC1E2FD1350007733F /* ApplicationView.storyboard */,
				6EE2F5D21E31F32200476475 /* SignUpView.storyboard */,
			);
			name = View;
			sourceTree = "<group>";
		};
		6EF6B6DB1E2FBEA30007733F /* Assets */ = {
			isa = PBXGroup;
			children = (
				6E6318711E2F5CEA0032B125 /* AppDelegate.swift */,
				6E6318781E2F5CEA0032B125 /* Assets.xcassets */,
				6E63187D1E2F5CEA0032B125 /* Info.plist */,
				6EE2F5CE1E30FB8400476475 /* GoogleService-Info.plist */,
			);
			name = Assets;
			sourceTree = "<group>";
		};
		F66095BD7114A19911965943 /* Pods */ = {
			isa = PBXGroup;
			children = (
				E3675B46C905EE8F87439253 /* Pods-devnet.debug.xcconfig */,
				96E66ECA77DCA89BF299175F /* Pods-devnet.release.xcconfig */,
			);
			name = Pods;
			sourceTree = "<group>";
		};
/* End PBXGroup section */

/* Begin PBXNativeTarget section */
		6E63186D1E2F5CEA0032B125 /* devnet */ = {
			isa = PBXNativeTarget;
			buildConfigurationList = 6E6318801E2F5CEA0032B125 /* Build configuration list for PBXNativeTarget "devnet" */;
			buildPhases = (
				C864529FA368618C61E4B6E8 /* [CP] Check Pods Manifest.lock */,
				6E63186A1E2F5CEA0032B125 /* Sources */,
				6E63186B1E2F5CEA0032B125 /* Frameworks */,
				6E63186C1E2F5CEA0032B125 /* Resources */,
				7623F86457F807D4294EE844 /* [CP] Embed Pods Frameworks */,
				F3FDB7DDE58EA5A305587FF9 /* [CP] Copy Pods Resources */,
			);
			buildRules = (
			);
			dependencies = (
			);
			name = devnet;
			productName = devnet;
			productReference = 6E63186E1E2F5CEA0032B125 /* devnet.app */;
			productType = "com.apple.product-type.application";
		};
/* End PBXNativeTarget section */

/* Begin PBXProject section */
		6E6318661E2F5CEA0032B125 /* Project object */ = {
			isa = PBXProject;
			attributes = {
				LastSwiftUpdateCheck = 0820;
				LastUpgradeCheck = 0820;
				ORGANIZATIONNAME = zulwiyozaputra;
				TargetAttributes = {
					6E63186D1E2F5CEA0032B125 = {
						CreatedOnToolsVersion = 8.2;
						DevelopmentTeam = 44VVQHZS45;
						ProvisioningStyle = Automatic;
					};
				};
			};
			buildConfigurationList = 6E6318691E2F5CEA0032B125 /* Build configuration list for PBXProject "devnet" */;
			compatibilityVersion = "Xcode 3.2";
			developmentRegion = English;
			hasScannedForEncodings = 0;
			knownRegions = (
				en,
				Base,
			);
			mainGroup = 6E6318651E2F5CEA0032B125;
			productRefGroup = 6E63186F1E2F5CEA0032B125 /* Products */;
			projectDirPath = "";
			projectRoot = "";
			targets = (
				6E63186D1E2F5CEA0032B125 /* devnet */,
			);
		};
/* End PBXProject section */

/* Begin PBXResourcesBuildPhase section */
		6E63186C1E2F5CEA0032B125 /* Resources */ = {
			isa = PBXResourcesBuildPhase;
			buildActionMask = 2147483647;
			files = (
				6EF6B6DE1E2FD1350007733F /* ApplicationView.storyboard in Resources */,
				6E63187C1E2F5CEA0032B125 /* LaunchScreen.storyboard in Resources */,
				6EE2F5CF1E30FB8400476475 /* GoogleService-Info.plist in Resources */,
				6E6318791E2F5CEA0032B125 /* Assets.xcassets in Resources */,
				6E6318771E2F5CEA0032B125 /* Main.storyboard in Resources */,
				6EE2F5D41E31F32200476475 /* SignUpView.storyboard in Resources */,
			);
			runOnlyForDeploymentPostprocessing = 0;
		};
/* End PBXResourcesBuildPhase section */

/* Begin PBXShellScriptBuildPhase section */
		7623F86457F807D4294EE844 /* [CP] Embed Pods Frameworks */ = {
			isa = PBXShellScriptBuildPhase;
			buildActionMask = 2147483647;
			files = (
			);
			inputPaths = (
			);
			name = "[CP] Embed Pods Frameworks";
			outputPaths = (
			);
			runOnlyForDeploymentPostprocessing = 0;
			shellPath = /bin/sh;
			shellScript = "\"${SRCROOT}/Pods/Target Support Files/Pods-devnet/Pods-devnet-frameworks.sh\"\n";
			showEnvVarsInLog = 0;
		};
		C864529FA368618C61E4B6E8 /* [CP] Check Pods Manifest.lock */ = {
			isa = PBXShellScriptBuildPhase;
			buildActionMask = 2147483647;
			files = (
			);
			inputPaths = (
			);
			name = "[CP] Check Pods Manifest.lock";
			outputPaths = (
			);
			runOnlyForDeploymentPostprocessing = 0;
			shellPath = /bin/sh;
			shellScript = "diff \"${PODS_ROOT}/../Podfile.lock\" \"${PODS_ROOT}/Manifest.lock\" > /dev/null\nif [ $? != 0 ] ; then\n    # print error to STDERR\n    echo \"error: The sandbox is not in sync with the Podfile.lock. Run 'pod install' or update your CocoaPods installation.\" >&2\n    exit 1\nfi\n";
			showEnvVarsInLog = 0;
		};
		F3FDB7DDE58EA5A305587FF9 /* [CP] Copy Pods Resources */ = {
			isa = PBXShellScriptBuildPhase;
			buildActionMask = 2147483647;
			files = (
			);
			inputPaths = (
			);
			name = "[CP] Copy Pods Resources";
			outputPaths = (
			);
			runOnlyForDeploymentPostprocessing = 0;
			shellPath = /bin/sh;
			shellScript = "\"${SRCROOT}/Pods/Target Support Files/Pods-devnet/Pods-devnet-resources.sh\"\n";
			showEnvVarsInLog = 0;
		};
/* End PBXShellScriptBuildPhase section */

/* Begin PBXSourcesBuildPhase section */
		6E63186A1E2F5CEA0032B125 /* Sources */ = {
			isa = PBXSourcesBuildPhase;
			buildActionMask = 2147483647;
			files = (
				6EE2F5D61E31F35A00476475 /* SignUpViewController.swift in Sources */,
				6EF6B6D61E2FA6160007733F /* User.swift in Sources */,
				6E6318741E2F5CEA0032B125 /* SignInViewController.swift in Sources */,
				6E4ED7CB1E2F6E6A00B03010 /* GrandCentralDispatchBlackBox.swift in Sources */,
				6EE2F5D81E31F84500476475 /* ProfileViewController.swift in Sources */,
				6EF6B6E01E2FD1F40007733F /* TabBarController.swift in Sources */,
				6E6318721E2F5CEA0032B125 /* AppDelegate.swift in Sources */,
			);
			runOnlyForDeploymentPostprocessing = 0;
		};
/* End PBXSourcesBuildPhase section */

/* Begin PBXVariantGroup section */
		6E6318751E2F5CEA0032B125 /* Main.storyboard */ = {
			isa = PBXVariantGroup;
			children = (
				6E6318761E2F5CEA0032B125 /* Base */,
			);
			name = Main.storyboard;
			sourceTree = "<group>";
		};
		6E63187A1E2F5CEA0032B125 /* LaunchScreen.storyboard */ = {
			isa = PBXVariantGroup;
			children = (
				6E63187B1E2F5CEA0032B125 /* Base */,
			);
			name = LaunchScreen.storyboard;
			sourceTree = "<group>";
		};
		6EE2F5D21E31F32200476475 /* SignUpView.storyboard */ = {
			isa = PBXVariantGroup;
			children = (
				6EE2F5D31E31F32200476475 /* Base */,
			);
			name = SignUpView.storyboard;
			sourceTree = "<group>";
		};
		6EF6B6DC1E2FD1350007733F /* ApplicationView.storyboard */ = {
			isa = PBXVariantGroup;
			children = (
				6EF6B6DD1E2FD1350007733F /* Base */,
			);
			name = ApplicationView.storyboard;
			sourceTree = "<group>";
		};
/* End PBXVariantGroup section */

/* Begin XCBuildConfiguration section */
		6E63187E1E2F5CEA0032B125 /* Debug */ = {
			isa = XCBuildConfiguration;
			buildSettings = {
				ALWAYS_SEARCH_USER_PATHS = NO;
				CLANG_ANALYZER_NONNULL = YES;
				CLANG_CXX_LANGUAGE_STANDARD = "gnu++0x";
				CLANG_CXX_LIBRARY = "libc++";
				CLANG_ENABLE_MODULES = YES;
				CLANG_ENABLE_OBJC_ARC = YES;
				CLANG_WARN_BOOL_CONVERSION = YES;
				CLANG_WARN_CONSTANT_CONVERSION = YES;
				CLANG_WARN_DIRECT_OBJC_ISA_USAGE = YES_ERROR;
				CLANG_WARN_DOCUMENTATION_COMMENTS = YES;
				CLANG_WARN_EMPTY_BODY = YES;
				CLANG_WARN_ENUM_CONVERSION = YES;
				CLANG_WARN_INFINITE_RECURSION = YES;
				CLANG_WARN_INT_CONVERSION = YES;
				CLANG_WARN_OBJC_ROOT_CLASS = YES_ERROR;
				CLANG_WARN_SUSPICIOUS_MOVE = YES;
				CLANG_WARN_UNREACHABLE_CODE = YES;
				CLANG_WARN__DUPLICATE_METHOD_MATCH = YES;
				"CODE_SIGN_IDENTITY[sdk=iphoneos*]" = "iPhone Developer";
				COPY_PHASE_STRIP = NO;
				DEBUG_INFORMATION_FORMAT = dwarf;
				ENABLE_STRICT_OBJC_MSGSEND = YES;
				ENABLE_TESTABILITY = YES;
				GCC_C_LANGUAGE_STANDARD = gnu99;
				GCC_DYNAMIC_NO_PIC = NO;
				GCC_NO_COMMON_BLOCKS = YES;
				GCC_OPTIMIZATION_LEVEL = 0;
				GCC_PREPROCESSOR_DEFINITIONS = (
					"DEBUG=1",
					"$(inherited)",
				);
				GCC_WARN_64_TO_32_BIT_CONVERSION = YES;
				GCC_WARN_ABOUT_RETURN_TYPE = YES_ERROR;
				GCC_WARN_UNDECLARED_SELECTOR = YES;
				GCC_WARN_UNINITIALIZED_AUTOS = YES_AGGRESSIVE;
				GCC_WARN_UNUSED_FUNCTION = YES;
				GCC_WARN_UNUSED_VARIABLE = YES;
				IPHONEOS_DEPLOYMENT_TARGET = 10.2;
				MTL_ENABLE_DEBUG_INFO = YES;
				ONLY_ACTIVE_ARCH = YES;
				SDKROOT = iphoneos;
				SWIFT_ACTIVE_COMPILATION_CONDITIONS = DEBUG;
				SWIFT_OPTIMIZATION_LEVEL = "-Onone";
			};
			name = Debug;
		};
		6E63187F1E2F5CEA0032B125 /* Release */ = {
			isa = XCBuildConfiguration;
			buildSettings = {
				ALWAYS_SEARCH_USER_PATHS = NO;
				CLANG_ANALYZER_NONNULL = YES;
				CLANG_CXX_LANGUAGE_STANDARD = "gnu++0x";
				CLANG_CXX_LIBRARY = "libc++";
				CLANG_ENABLE_MODULES = YES;
				CLANG_ENABLE_OBJC_ARC = YES;
				CLANG_WARN_BOOL_CONVERSION = YES;
				CLANG_WARN_CONSTANT_CONVERSION = YES;
				CLANG_WARN_DIRECT_OBJC_ISA_USAGE = YES_ERROR;
				CLANG_WARN_DOCUMENTATION_COMMENTS = YES;
				CLANG_WARN_EMPTY_BODY = YES;
				CLANG_WARN_ENUM_CONVERSION = YES;
				CLANG_WARN_INFINITE_RECURSION = YES;
				CLANG_WARN_INT_CONVERSION = YES;
				CLANG_WARN_OBJC_ROOT_CLASS = YES_ERROR;
				CLANG_WARN_SUSPICIOUS_MOVE = YES;
				CLANG_WARN_UNREACHABLE_CODE = YES;
				CLANG_WARN__DUPLICATE_METHOD_MATCH = YES;
				"CODE_SIGN_IDENTITY[sdk=iphoneos*]" = "iPhone Developer";
				COPY_PHASE_STRIP = NO;
				DEBUG_INFORMATION_FORMAT = "dwarf-with-dsym";
				ENABLE_NS_ASSERTIONS = NO;
				ENABLE_STRICT_OBJC_MSGSEND = YES;
				GCC_C_LANGUAGE_STANDARD = gnu99;
				GCC_NO_COMMON_BLOCKS = YES;
				GCC_WARN_64_TO_32_BIT_CONVERSION = YES;
				GCC_WARN_ABOUT_RETURN_TYPE = YES_ERROR;
				GCC_WARN_UNDECLARED_SELECTOR = YES;
				GCC_WARN_UNINITIALIZED_AUTOS = YES_AGGRESSIVE;
				GCC_WARN_UNUSED_FUNCTION = YES;
				GCC_WARN_UNUSED_VARIABLE = YES;
				IPHONEOS_DEPLOYMENT_TARGET = 10.2;
				MTL_ENABLE_DEBUG_INFO = NO;
				SDKROOT = iphoneos;
				SWIFT_OPTIMIZATION_LEVEL = "-Owholemodule";
				VALIDATE_PRODUCT = YES;
			};
			name = Release;
		};
		6E6318811E2F5CEA0032B125 /* Debug */ = {
			isa = XCBuildConfiguration;
			baseConfigurationReference = E3675B46C905EE8F87439253 /* Pods-devnet.debug.xcconfig */;
			buildSettings = {
				ASSETCATALOG_COMPILER_APPICON_NAME = AppIcon;
				DEVELOPMENT_TEAM = 44VVQHZS45;
				INFOPLIST_FILE = devnet/Info.plist;
				LD_RUNPATH_SEARCH_PATHS = "$(inherited) @executable_path/Frameworks";
				PRODUCT_BUNDLE_IDENTIFIER = com.kibar.devnet;
				PRODUCT_NAME = "$(TARGET_NAME)";
				SWIFT_VERSION = 3.0;
			};
			name = Debug;
		};
		6E6318821E2F5CEA0032B125 /* Release */ = {
			isa = XCBuildConfiguration;
			baseConfigurationReference = 96E66ECA77DCA89BF299175F /* Pods-devnet.release.xcconfig */;
			buildSettings = {
				ASSETCATALOG_COMPILER_APPICON_NAME = AppIcon;
				DEVELOPMENT_TEAM = 44VVQHZS45;
				INFOPLIST_FILE = devnet/Info.plist;
				LD_RUNPATH_SEARCH_PATHS = "$(inherited) @executable_path/Frameworks";
				PRODUCT_BUNDLE_IDENTIFIER = com.kibar.devnet;
				PRODUCT_NAME = "$(TARGET_NAME)";
				SWIFT_VERSION = 3.0;
			};
			name = Release;
		};
/* End XCBuildConfiguration section */

/* Begin XCConfigurationList section */
		6E6318691E2F5CEA0032B125 /* Build configuration list for PBXProject "devnet" */ = {
			isa = XCConfigurationList;
			buildConfigurations = (
				6E63187E1E2F5CEA0032B125 /* Debug */,
				6E63187F1E2F5CEA0032B125 /* Release */,
			);
			defaultConfigurationIsVisible = 0;
			defaultConfigurationName = Release;
		};
		6E6318801E2F5CEA0032B125 /* Build configuration list for PBXNativeTarget "devnet" */ = {
			isa = XCConfigurationList;
			buildConfigurations = (
				6E6318811E2F5CEA0032B125 /* Debug */,
				6E6318821E2F5CEA0032B125 /* Release */,
			);
			defaultConfigurationIsVisible = 0;
			defaultConfigurationName = Release;
		};
/* End XCConfigurationList section */
	};
	rootObject = 6E6318661E2F5CEA0032B125 /* Project object */;
}
