// !$*UTF8*$!
{
	archiveVersion = 1;
	classes = {
	};
	objectVersion = 46;
	objects = {

/* Begin PBXBuildFile section */
		6E46DB001E5E1848007EC238 /* InitialViewController.swift in Sources */ = {isa = PBXBuildFile; fileRef = 6E46DAFF1E5E1848007EC238 /* InitialViewController.swift */; };
		6E46DB031E5E19FC007EC238 /* AppDelegate.swift in Sources */ = {isa = PBXBuildFile; fileRef = 6E46DB021E5E19FC007EC238 /* AppDelegate.swift */; };
		6E46DB081E5E1A09007EC238 /* LaunchScreen.storyboard in Resources */ = {isa = PBXBuildFile; fileRef = 6E46DB041E5E1A09007EC238 /* LaunchScreen.storyboard */; };
		6E46DB091E5E1A09007EC238 /* Main.storyboard in Resources */ = {isa = PBXBuildFile; fileRef = 6E46DB061E5E1A09007EC238 /* Main.storyboard */; };
		6E46DB0D1E5E1A94007EC238 /* Initial.storyboard in Resources */ = {isa = PBXBuildFile; fileRef = 6E46DB0C1E5E1A94007EC238 /* Initial.storyboard */; };
		6E8537FA1E5E15DF00E1BC63 /* Assets.xcassets in Resources */ = {isa = PBXBuildFile; fileRef = 6E8537F91E5E15DF00E1BC63 /* Assets.xcassets */; };
		FE9280380A9E60CB0D15F33D /* Pods_Devnet.framework in Frameworks */ = {isa = PBXBuildFile; fileRef = F4EFE022132E9B3DC4EC522B /* Pods_Devnet.framework */; };
/* End PBXBuildFile section */

/* Begin PBXFileReference section */
		6D6555EBFFA5EFA0808F8069 /* Pods-Devnet.release.xcconfig */ = {isa = PBXFileReference; includeInIndex = 1; lastKnownFileType = text.xcconfig; name = "Pods-Devnet.release.xcconfig"; path = "Pods/Target Support Files/Pods-Devnet/Pods-Devnet.release.xcconfig"; sourceTree = "<group>"; };
		6E46DAFF1E5E1848007EC238 /* InitialViewController.swift */ = {isa = PBXFileReference; fileEncoding = 4; lastKnownFileType = sourcecode.swift; path = InitialViewController.swift; sourceTree = "<group>"; };
		6E46DB021E5E19FC007EC238 /* AppDelegate.swift */ = {isa = PBXFileReference; fileEncoding = 4; lastKnownFileType = sourcecode.swift; path = AppDelegate.swift; sourceTree = "<group>"; };
		6E46DB051E5E1A09007EC238 /* Base */ = {isa = PBXFileReference; lastKnownFileType = file.storyboard; name = Base; path = Base.lproj/LaunchScreen.storyboard; sourceTree = "<group>"; };
		6E46DB071E5E1A09007EC238 /* Base */ = {isa = PBXFileReference; lastKnownFileType = file.storyboard; name = Base; path = Base.lproj/Main.storyboard; sourceTree = "<group>"; };
		6E46DB0C1E5E1A94007EC238 /* Initial.storyboard */ = {isa = PBXFileReference; fileEncoding = 4; lastKnownFileType = file.storyboard; path = Initial.storyboard; sourceTree = "<group>"; };
		6E8537EF1E5E15DF00E1BC63 /* Devnet.app */ = {isa = PBXFileReference; explicitFileType = wrapper.application; includeInIndex = 0; path = Devnet.app; sourceTree = BUILT_PRODUCTS_DIR; };
		6E8537F91E5E15DF00E1BC63 /* Assets.xcassets */ = {isa = PBXFileReference; lastKnownFileType = folder.assetcatalog; path = Assets.xcassets; sourceTree = "<group>"; };
		E46FAC077E7FE9711C2A7422 /* Pods-Devnet.debug.xcconfig */ = {isa = PBXFileReference; includeInIndex = 1; lastKnownFileType = text.xcconfig; name = "Pods-Devnet.debug.xcconfig"; path = "Pods/Target Support Files/Pods-Devnet/Pods-Devnet.debug.xcconfig"; sourceTree = "<group>"; };
		F4EFE022132E9B3DC4EC522B /* Pods_Devnet.framework */ = {isa = PBXFileReference; explicitFileType = wrapper.framework; includeInIndex = 0; path = Pods_Devnet.framework; sourceTree = BUILT_PRODUCTS_DIR; };
/* End PBXFileReference section */

/* Begin PBXFrameworksBuildPhase section */
		6E8537EC1E5E15DF00E1BC63 /* Frameworks */ = {
			isa = PBXFrameworksBuildPhase;
			buildActionMask = 2147483647;
			files = (
				FE9280380A9E60CB0D15F33D /* Pods_Devnet.framework in Frameworks */,
			);
			runOnlyForDeploymentPostprocessing = 0;
		};
/* End PBXFrameworksBuildPhase section */

/* Begin PBXGroup section */
		55CC7059C4D0F566A7F08904 /* Frameworks */ = {
			isa = PBXGroup;
			children = (
				F4EFE022132E9B3DC4EC522B /* Pods_Devnet.framework */,
			);
			name = Frameworks;
			sourceTree = "<group>";
		};
		6D3303DDB7E742D7707347DD /* Pods */ = {
			isa = PBXGroup;
			children = (
				E46FAC077E7FE9711C2A7422 /* Pods-Devnet.debug.xcconfig */,
				6D6555EBFFA5EFA0808F8069 /* Pods-Devnet.release.xcconfig */,
			);
			name = Pods;
			sourceTree = "<group>";
		};
		6E46DB011E5E189A007EC238 /* Controller */ = {
			isa = PBXGroup;
			children = (
				6E46DAFF1E5E1848007EC238 /* InitialViewController.swift */,
			);
			name = Controller;
			sourceTree = "<group>";
		};
		6E46DB0A1E5E1A4F007EC238 /* Storyboard */ = {
			isa = PBXGroup;
			children = (
				6E46DB041E5E1A09007EC238 /* LaunchScreen.storyboard */,
				6E46DB061E5E1A09007EC238 /* Main.storyboard */,
				6E46DB0C1E5E1A94007EC238 /* Initial.storyboard */,
			);
			name = Storyboard;
			sourceTree = "<group>";
		};
		6E46DB0B1E5E1A5C007EC238 /* Assets */ = {
			isa = PBXGroup;
			children = (
				6E46DB021E5E19FC007EC238 /* AppDelegate.swift */,
				6E46DB0A1E5E1A4F007EC238 /* Storyboard */,
				6E8537F91E5E15DF00E1BC63 /* Assets.xcassets */,
			);
			name = Assets;
			sourceTree = "<group>";
		};
		6E8537E61E5E15DF00E1BC63 = {
			isa = PBXGroup;
			children = (
				6E8537F11E5E15DF00E1BC63 /* Devnet */,
				6E8537F01E5E15DF00E1BC63 /* Products */,
				6D3303DDB7E742D7707347DD /* Pods */,
				55CC7059C4D0F566A7F08904 /* Frameworks */,
			);
			sourceTree = "<group>";
		};
		6E8537F01E5E15DF00E1BC63 /* Products */ = {
			isa = PBXGroup;
			children = (
				6E8537EF1E5E15DF00E1BC63 /* Devnet.app */,
			);
			name = Products;
			sourceTree = "<group>";
		};
		6E8537F11E5E15DF00E1BC63 /* Devnet */ = {
			isa = PBXGroup;
			children = (
				6E46DB0B1E5E1A5C007EC238 /* Assets */,
				6E46DB011E5E189A007EC238 /* Controller */,
			);
			path = Devnet;
			sourceTree = "<group>";
		};
/* End PBXGroup section */

/* Begin PBXNativeTarget section */
		6E8537EE1E5E15DF00E1BC63 /* Devnet */ = {
			isa = PBXNativeTarget;
			buildConfigurationList = 6E8538011E5E15DF00E1BC63 /* Build configuration list for PBXNativeTarget "Devnet" */;
			buildPhases = (
				ABF819FB86378BE3273558E7 /* [CP] Check Pods Manifest.lock */,
				6E8537EB1E5E15DF00E1BC63 /* Sources */,
				6E8537EC1E5E15DF00E1BC63 /* Frameworks */,
				6E8537ED1E5E15DF00E1BC63 /* Resources */,
				BD22126112797A07CA26E218 /* [CP] Embed Pods Frameworks */,
				A3CDEDEFBE493D6332594A2B /* [CP] Copy Pods Resources */,
			);
			buildRules = (
			);
			dependencies = (
			);
			name = Devnet;
			productName = Devnet;
			productReference = 6E8537EF1E5E15DF00E1BC63 /* Devnet.app */;
			productType = "com.apple.product-type.application";
		};
/* End PBXNativeTarget section */

/* Begin PBXProject section */
		6E8537E71E5E15DF00E1BC63 /* Project object */ = {
			isa = PBXProject;
			attributes = {
				LastSwiftUpdateCheck = 0820;
				LastUpgradeCheck = 0820;
				ORGANIZATIONNAME = "Zulwiyoza Putra";
				TargetAttributes = {
					6E8537EE1E5E15DF00E1BC63 = {
						CreatedOnToolsVersion = 8.2.1;
						DevelopmentTeam = 44VVQHZS45;
						ProvisioningStyle = Automatic;
					};
				};
			};
			buildConfigurationList = 6E8537EA1E5E15DF00E1BC63 /* Build configuration list for PBXProject "Devnet" */;
			compatibilityVersion = "Xcode 3.2";
			developmentRegion = English;
			hasScannedForEncodings = 0;
			knownRegions = (
				en,
				Base,
			);
			mainGroup = 6E8537E61E5E15DF00E1BC63;
			productRefGroup = 6E8537F01E5E15DF00E1BC63 /* Products */;
			projectDirPath = "";
			projectRoot = "";
			targets = (
				6E8537EE1E5E15DF00E1BC63 /* Devnet */,
			);
		};
/* End PBXProject section */

/* Begin PBXResourcesBuildPhase section */
		6E8537ED1E5E15DF00E1BC63 /* Resources */ = {
			isa = PBXResourcesBuildPhase;
			buildActionMask = 2147483647;
			files = (
				6E46DB091E5E1A09007EC238 /* Main.storyboard in Resources */,
				6E8537FA1E5E15DF00E1BC63 /* Assets.xcassets in Resources */,
				6E46DB081E5E1A09007EC238 /* LaunchScreen.storyboard in Resources */,
				6E46DB0D1E5E1A94007EC238 /* Initial.storyboard in Resources */,
			);
			runOnlyForDeploymentPostprocessing = 0;
		};
/* End PBXResourcesBuildPhase section */

/* Begin PBXShellScriptBuildPhase section */
		A3CDEDEFBE493D6332594A2B /* [CP] Copy Pods Resources */ = {
			isa = PBXShellScriptBuildPhase;
			buildActionMask = 2147483647;
			files = (
			);
			inputPaths = (
			);
			name = "[CP] Copy Pods Resources";
			outputPaths = (
			);
			runOnlyForDeploymentPostprocessing = 0;
			shellPath = /bin/sh;
			shellScript = "\"${SRCROOT}/Pods/Target Support Files/Pods-Devnet/Pods-Devnet-resources.sh\"\n";
			showEnvVarsInLog = 0;
		};
		ABF819FB86378BE3273558E7 /* [CP] Check Pods Manifest.lock */ = {
			isa = PBXShellScriptBuildPhase;
			buildActionMask = 2147483647;
			files = (
			);
			inputPaths = (
			);
			name = "[CP] Check Pods Manifest.lock";
			outputPaths = (
			);
			runOnlyForDeploymentPostprocessing = 0;
			shellPath = /bin/sh;
			shellScript = "diff \"${PODS_ROOT}/../Podfile.lock\" \"${PODS_ROOT}/Manifest.lock\" > /dev/null\nif [ $? != 0 ] ; then\n    # print error to STDERR\n    echo \"error: The sandbox is not in sync with the Podfile.lock. Run 'pod install' or update your CocoaPods installation.\" >&2\n    exit 1\nfi\n";
			showEnvVarsInLog = 0;
		};
		BD22126112797A07CA26E218 /* [CP] Embed Pods Frameworks */ = {
			isa = PBXShellScriptBuildPhase;
			buildActionMask = 2147483647;
			files = (
			);
			inputPaths = (
			);
			name = "[CP] Embed Pods Frameworks";
			outputPaths = (
			);
			runOnlyForDeploymentPostprocessing = 0;
			shellPath = /bin/sh;
			shellScript = "\"${SRCROOT}/Pods/Target Support Files/Pods-Devnet/Pods-Devnet-frameworks.sh\"\n";
			showEnvVarsInLog = 0;
		};
/* End PBXShellScriptBuildPhase section */

/* Begin PBXSourcesBuildPhase section */
		6E8537EB1E5E15DF00E1BC63 /* Sources */ = {
			isa = PBXSourcesBuildPhase;
			buildActionMask = 2147483647;
			files = (
				6E46DB031E5E19FC007EC238 /* AppDelegate.swift in Sources */,
				6E46DB001E5E1848007EC238 /* InitialViewController.swift in Sources */,
			);
			runOnlyForDeploymentPostprocessing = 0;
		};
/* End PBXSourcesBuildPhase section */

/* Begin PBXVariantGroup section */
		6E46DB041E5E1A09007EC238 /* LaunchScreen.storyboard */ = {
			isa = PBXVariantGroup;
			children = (
				6E46DB051E5E1A09007EC238 /* Base */,
			);
			name = LaunchScreen.storyboard;
			sourceTree = "<group>";
		};
		6E46DB061E5E1A09007EC238 /* Main.storyboard */ = {
			isa = PBXVariantGroup;
			children = (
				6E46DB071E5E1A09007EC238 /* Base */,
			);
			name = Main.storyboard;
			sourceTree = "<group>";
		};
/* End PBXVariantGroup section */

/* Begin XCBuildConfiguration section */
		6E8537FF1E5E15DF00E1BC63 /* Debug */ = {
			isa = XCBuildConfiguration;
			buildSettings = {
				ALWAYS_SEARCH_USER_PATHS = NO;
				CLANG_ANALYZER_NONNULL = YES;
				CLANG_CXX_LANGUAGE_STANDARD = "gnu++0x";
				CLANG_CXX_LIBRARY = "libc++";
				CLANG_ENABLE_MODULES = YES;
				CLANG_ENABLE_OBJC_ARC = YES;
				CLANG_WARN_BOOL_CONVERSION = YES;
				CLANG_WARN_CONSTANT_CONVERSION = YES;
				CLANG_WARN_DIRECT_OBJC_ISA_USAGE = YES_ERROR;
				CLANG_WARN_DOCUMENTATION_COMMENTS = YES;
				CLANG_WARN_EMPTY_BODY = YES;
				CLANG_WARN_ENUM_CONVERSION = YES;
				CLANG_WARN_INFINITE_RECURSION = YES;
				CLANG_WARN_INT_CONVERSION = YES;
				CLANG_WARN_OBJC_ROOT_CLASS = YES_ERROR;
				CLANG_WARN_SUSPICIOUS_MOVE = YES;
				CLANG_WARN_UNREACHABLE_CODE = YES;
				CLANG_WARN__DUPLICATE_METHOD_MATCH = YES;
				"CODE_SIGN_IDENTITY[sdk=iphoneos*]" = "iPhone Developer";
				COPY_PHASE_STRIP = NO;
				DEBUG_INFORMATION_FORMAT = dwarf;
				ENABLE_STRICT_OBJC_MSGSEND = YES;
				ENABLE_TESTABILITY = YES;
				GCC_C_LANGUAGE_STANDARD = gnu99;
				GCC_DYNAMIC_NO_PIC = NO;
				GCC_NO_COMMON_BLOCKS = YES;
				GCC_OPTIMIZATION_LEVEL = 0;
				GCC_PREPROCESSOR_DEFINITIONS = (
					"DEBUG=1",
					"$(inherited)",
				);
				GCC_WARN_64_TO_32_BIT_CONVERSION = YES;
				GCC_WARN_ABOUT_RETURN_TYPE = YES_ERROR;
				GCC_WARN_UNDECLARED_SELECTOR = YES;
				GCC_WARN_UNINITIALIZED_AUTOS = YES_AGGRESSIVE;
				GCC_WARN_UNUSED_FUNCTION = YES;
				GCC_WARN_UNUSED_VARIABLE = YES;
				IPHONEOS_DEPLOYMENT_TARGET = 10.2;
				MTL_ENABLE_DEBUG_INFO = YES;
				ONLY_ACTIVE_ARCH = YES;
				SDKROOT = iphoneos;
				SWIFT_ACTIVE_COMPILATION_CONDITIONS = DEBUG;
				SWIFT_OPTIMIZATION_LEVEL = "-Onone";
				TARGETED_DEVICE_FAMILY = "1,2";
			};
			name = Debug;
		};
		6E8538001E5E15DF00E1BC63 /* Release */ = {
			isa = XCBuildConfiguration;
			buildSettings = {
				ALWAYS_SEARCH_USER_PATHS = NO;
				CLANG_ANALYZER_NONNULL = YES;
				CLANG_CXX_LANGUAGE_STANDARD = "gnu++0x";
				CLANG_CXX_LIBRARY = "libc++";
				CLANG_ENABLE_MODULES = YES;
				CLANG_ENABLE_OBJC_ARC = YES;
				CLANG_WARN_BOOL_CONVERSION = YES;
				CLANG_WARN_CONSTANT_CONVERSION = YES;
				CLANG_WARN_DIRECT_OBJC_ISA_USAGE = YES_ERROR;
				CLANG_WARN_DOCUMENTATION_COMMENTS = YES;
				CLANG_WARN_EMPTY_BODY = YES;
				CLANG_WARN_ENUM_CONVERSION = YES;
				CLANG_WARN_INFINITE_RECURSION = YES;
				CLANG_WARN_INT_CONVERSION = YES;
				CLANG_WARN_OBJC_ROOT_CLASS = YES_ERROR;
				CLANG_WARN_SUSPICIOUS_MOVE = YES;
				CLANG_WARN_UNREACHABLE_CODE = YES;
				CLANG_WARN__DUPLICATE_METHOD_MATCH = YES;
				"CODE_SIGN_IDENTITY[sdk=iphoneos*]" = "iPhone Developer";
				COPY_PHASE_STRIP = NO;
				DEBUG_INFORMATION_FORMAT = "dwarf-with-dsym";
				ENABLE_NS_ASSERTIONS = NO;
				ENABLE_STRICT_OBJC_MSGSEND = YES;
				GCC_C_LANGUAGE_STANDARD = gnu99;
				GCC_NO_COMMON_BLOCKS = YES;
				GCC_WARN_64_TO_32_BIT_CONVERSION = YES;
				GCC_WARN_ABOUT_RETURN_TYPE = YES_ERROR;
				GCC_WARN_UNDECLARED_SELECTOR = YES;
				GCC_WARN_UNINITIALIZED_AUTOS = YES_AGGRESSIVE;
				GCC_WARN_UNUSED_FUNCTION = YES;
				GCC_WARN_UNUSED_VARIABLE = YES;
				IPHONEOS_DEPLOYMENT_TARGET = 10.2;
				MTL_ENABLE_DEBUG_INFO = NO;
				SDKROOT = iphoneos;
				SWIFT_OPTIMIZATION_LEVEL = "-Owholemodule";
				TARGETED_DEVICE_FAMILY = "1,2";
				VALIDATE_PRODUCT = YES;
			};
			name = Release;
		};
		6E8538021E5E15DF00E1BC63 /* Debug */ = {
			isa = XCBuildConfiguration;
			baseConfigurationReference = E46FAC077E7FE9711C2A7422 /* Pods-Devnet.debug.xcconfig */;
			buildSettings = {
				ASSETCATALOG_COMPILER_APPICON_NAME = AppIcon;
				DEVELOPMENT_TEAM = 44VVQHZS45;
				INFOPLIST_FILE = Devnet/Info.plist;
				LD_RUNPATH_SEARCH_PATHS = "$(inherited) @executable_path/Frameworks";
				PRODUCT_BUNDLE_IDENTIFIER = com.kibar.Devnet;
				PRODUCT_NAME = "$(TARGET_NAME)";
				SWIFT_VERSION = 3.0;
			};
			name = Debug;
		};
		6E8538031E5E15DF00E1BC63 /* Release */ = {
			isa = XCBuildConfiguration;
			baseConfigurationReference = 6D6555EBFFA5EFA0808F8069 /* Pods-Devnet.release.xcconfig */;
			buildSettings = {
				ASSETCATALOG_COMPILER_APPICON_NAME = AppIcon;
				DEVELOPMENT_TEAM = 44VVQHZS45;
				INFOPLIST_FILE = Devnet/Info.plist;
				LD_RUNPATH_SEARCH_PATHS = "$(inherited) @executable_path/Frameworks";
				PRODUCT_BUNDLE_IDENTIFIER = com.kibar.Devnet;
				PRODUCT_NAME = "$(TARGET_NAME)";
				SWIFT_VERSION = 3.0;
			};
			name = Release;
		};
/* End XCBuildConfiguration section */

/* Begin XCConfigurationList section */
		6E8537EA1E5E15DF00E1BC63 /* Build configuration list for PBXProject "Devnet" */ = {
			isa = XCConfigurationList;
			buildConfigurations = (
				6E8537FF1E5E15DF00E1BC63 /* Debug */,
				6E8538001E5E15DF00E1BC63 /* Release */,
			);
			defaultConfigurationIsVisible = 0;
			defaultConfigurationName = Release;
		};
		6E8538011E5E15DF00E1BC63 /* Build configuration list for PBXNativeTarget "Devnet" */ = {
			isa = XCConfigurationList;
			buildConfigurations = (
				6E8538021E5E15DF00E1BC63 /* Debug */,
				6E8538031E5E15DF00E1BC63 /* Release */,
			);
			defaultConfigurationIsVisible = 0;
			defaultConfigurationName = Release;
		};
/* End XCConfigurationList section */
	};
	rootObject = 6E8537E71E5E15DF00E1BC63 /* Project object */;
}
